{
  "name": "md-generate",
  "version": "0.0.1",
  "lockfileVersion": 2,
  "requires": true,
  "packages": {
    "": {
      "name": "md-generate",
      "version": "0.0.1",
      "license": "MIT",
      "bin": {
        "md-generate": "index.js"
      }
    },
    "../../../.nvm/versions/node/v17.3.0/lib/node_modules/ls": {
      "version": "0.2.1",
      "extraneous": true,
      "license": "Public Domain",
      "dependencies": {
        "glob": "7.0.5"
      }
    }
  }
}
